
Microsoft Visual Studio Solution File, Format Version 12.00
# Visual Studio Version 17
VisualStudioVersion = 17.6.33829.357
MinimumVisualStudioVersion = 10.0.40219.1
Project("{9A19103F-16F7-4668-BE54-9A1E7A4F7556}") = "Mindbox.CSharpTask", "Mindbox.CSharpTask\Mindbox.CSharpTask.csproj", "{95080D54-A518-4A53-BF5F-D14E1F256492}"
EndProject
Project("{FAE04EC0-301F-11D3-BF4B-00C04F79EFBC}") = "Mindbox.CSharpTask.Test", "Mindbox.CSharpTask.Test\Mindbox.CSharpTask.Test.csproj", "{A01FA2EB-FB03-43D3-A958-DB899441C2BC}"
EndProject
Global
	GlobalSection(SolutionConfigurationPlatforms) = preSolution
		Debug|Any CPU = Debug|Any CPU
		Release|Any CPU = Release|Any CPU
	EndGlobalSection
	GlobalSection(ProjectConfigurationPlatforms) = postSolution
		{95080D54-A518-4A53-BF5F-D14E1F256492}.Debug|Any CPU.ActiveCfg = Debug|Any CPU
		{95080D54-A518-4A53-BF5F-D14E1F256492}.Debug|Any CPU.Build.0 = Debug|Any CPU
		{95080D54-A518-4A53-BF5F-D14E1F256492}.Release|Any CPU.ActiveCfg = Release|Any CPU
		{95080D54-A518-4A53-BF5F-D14E1F256492}.Release|Any CPU.Build.0 = Release|Any CPU
		{A01FA2EB-FB03-43D3-A958-DB899441C2BC}.Debug|Any CPU.ActiveCfg = Debug|Any CPU
		{A01FA2EB-FB03-43D3-A958-DB899441C2BC}.Debug|Any CPU.Build.0 = Debug|Any CPU
		{A01FA2EB-FB03-43D3-A958-DB899441C2BC}.Release|Any CPU.ActiveCfg = Release|Any CPU
		{A01FA2EB-FB03-43D3-A958-DB899441C2BC}.Release|Any CPU.Build.0 = Release|Any CPU
	EndGlobalSection
	GlobalSection(SolutionProperties) = preSolution
		HideSolutionNode = FALSE
	EndGlobalSection
	GlobalSection(ExtensibilityGlobals) = postSolution
		SolutionGuid = {CF944A9C-CA9A-42BF-8156-6A4E14B46947}
	EndGlobalSection
EndGlobal
